
Microsoft Visual Studio Solution File, Format Version 12.00
# Visual Studio Version 17
VisualStudioVersion = 17.4.33213.308
MinimumVisualStudioVersion = 10.0.40219.1
Project("{FAE04EC0-301F-11D3-BF4B-00C04F79EFBC}") = "TareaS2", "TareaS2\TareaS2.csproj", "{7BEABA48-1B68-4D19-BC45-616C5E8E3F6C}"
EndProject
Global
	GlobalSection(SolutionConfigurationPlatforms) = preSolution
		Debug|Any CPU = Debug|Any CPU
		Release|Any CPU = Release|Any CPU
	EndGlobalSection
	GlobalSection(ProjectConfigurationPlatforms) = postSolution
		{7BEABA48-1B68-4D19-BC45-616C5E8E3F6C}.Debug|Any CPU.ActiveCfg = Debug|Any CPU
		{7BEABA48-1B68-4D19-BC45-616C5E8E3F6C}.Debug|Any CPU.Build.0 = Debug|Any CPU
		{7BEABA48-1B68-4D19-BC45-616C5E8E3F6C}.Release|Any CPU.ActiveCfg = Release|Any CPU
		{7BEABA48-1B68-4D19-BC45-616C5E8E3F6C}.Release|Any CPU.Build.0 = Release|Any CPU
	EndGlobalSection
	GlobalSection(SolutionProperties) = preSolution
		HideSolutionNode = FALSE
	EndGlobalSection
	GlobalSection(ExtensibilityGlobals) = postSolution
		SolutionGuid = {CCF9F781-E875-4957-A83A-89BFFFF3CEF8}
	EndGlobalSection
EndGlobal
